
Microsoft Visual Studio Solution File, Format Version 12.00
# Visual Studio Version 17
VisualStudioVersion = 17.1.32210.238
MinimumVisualStudioVersion = 10.0.40219.1
Project("{FAE04EC0-301F-11D3-BF4B-00C04F79EFBC}") = "AddressBook", "AddressBook\AddressBook.csproj", "{FDF4A3D4-D831-4756-AACB-3BA7404DB7FB}"
EndProject
Global
	GlobalSection(SolutionConfigurationPlatforms) = preSolution
		Debug|Any CPU = Debug|Any CPU
		Release|Any CPU = Release|Any CPU
	EndGlobalSection
	GlobalSection(ProjectConfigurationPlatforms) = postSolution
		{FDF4A3D4-D831-4756-AACB-3BA7404DB7FB}.Debug|Any CPU.ActiveCfg = Debug|Any CPU
		{FDF4A3D4-D831-4756-AACB-3BA7404DB7FB}.Debug|Any CPU.Build.0 = Debug|Any CPU
		{FDF4A3D4-D831-4756-AACB-3BA7404DB7FB}.Release|Any CPU.ActiveCfg = Release|Any CPU
		{FDF4A3D4-D831-4756-AACB-3BA7404DB7FB}.Release|Any CPU.Build.0 = Release|Any CPU
	EndGlobalSection
	GlobalSection(SolutionProperties) = preSolution
		HideSolutionNode = FALSE
	EndGlobalSection
	GlobalSection(ExtensibilityGlobals) = postSolution
		SolutionGuid = {6293D44C-1AF0-43FC-83F9-F176EC0C41D7}
	EndGlobalSection
EndGlobal
